
Microsoft Visual Studio Solution File, Format Version 12.00
# Visual Studio 15
VisualStudioVersion = 15.0.28307.757
MinimumVisualStudioVersion = 10.0.40219.1
Project("{FAE04EC0-301F-11D3-BF4B-00C04F79EFBC}") = "Thunder.Blog", "Thunder.Blog\Thunder.Blog.csproj", "{277911F0-2468-461F-819E-0BB94916CAC7}"
EndProject
Global
	GlobalSection(SolutionConfigurationPlatforms) = preSolution
		Debug|Any CPU = Debug|Any CPU
		Release|Any CPU = Release|Any CPU
	EndGlobalSection
	GlobalSection(ProjectConfigurationPlatforms) = postSolution
		{277911F0-2468-461F-819E-0BB94916CAC7}.Debug|Any CPU.ActiveCfg = Debug|Any CPU
		{277911F0-2468-461F-819E-0BB94916CAC7}.Debug|Any CPU.Build.0 = Debug|Any CPU
		{277911F0-2468-461F-819E-0BB94916CAC7}.Release|Any CPU.ActiveCfg = Release|Any CPU
		{277911F0-2468-461F-819E-0BB94916CAC7}.Release|Any CPU.Build.0 = Release|Any CPU
	EndGlobalSection
	GlobalSection(SolutionProperties) = preSolution
		HideSolutionNode = FALSE
	EndGlobalSection
	GlobalSection(ExtensibilityGlobals) = postSolution
		SolutionGuid = {FAA1BEC0-A0E5-468A-805B-E10F5A371CAC}
	EndGlobalSection
EndGlobal
